{
  "requires": true,
  "lockfileVersion": 1,
  "dependencies": {
    "react-geocode": {
      "version": "0.2.3",
      "resolved": "https://registry.npmjs.org/react-geocode/-/react-geocode-0.2.3.tgz",
      "integrity": "sha512-sIpbgmn1IUzAxO4haOZ6jeeFnMD8ya9PC38yiNrmJ9vPWbvAO2D/2yfCBzZjGZVUm4PRzKAc0KghXfaEnug0TQ==",
      "requires": {
        "regenerator-runtime": "^0.13.3"
      }
    },
    "regenerator-runtime": {
      "version": "0.13.7",
      "resolved": "https://registry.npmjs.org/regenerator-runtime/-/regenerator-runtime-0.13.7.tgz",
      "integrity": "sha512-a54FxoJDIr27pgf7IgeQGxmqUNYrcV338lf/6gH456HZ/PhX+5BcwHXG9ajESmwe6WRO0tAzRUrRmNONWgkrew=="
    }
  }
}
